
Microsoft Visual Studio Solution File, Format Version 12.00
# Visual Studio Version 16
VisualStudioVersion = 16.0.31112.23
MinimumVisualStudioVersion = 10.0.40219.1
Project("{FAE04EC0-301F-11D3-BF4B-00C04F79EFBC}") = "GFT.API", "GFT.API\GFT.API.csproj", "{76B860CF-B72C-417F-B545-BE1C45675524}"
EndProject
Project("{FAE04EC0-301F-11D3-BF4B-00C04F79EFBC}") = "GFT.TEST", "GFT.TEST\GFT.TEST.csproj", "{2DBEE22A-D274-4274-9D35-5FA61FB0D31E}"
EndProject
Global
	GlobalSection(SolutionConfigurationPlatforms) = preSolution
		Debug|Any CPU = Debug|Any CPU
		Release|Any CPU = Release|Any CPU
	EndGlobalSection
	GlobalSection(ProjectConfigurationPlatforms) = postSolution
		{76B860CF-B72C-417F-B545-BE1C45675524}.Debug|Any CPU.ActiveCfg = Debug|Any CPU
		{76B860CF-B72C-417F-B545-BE1C45675524}.Debug|Any CPU.Build.0 = Debug|Any CPU
		{76B860CF-B72C-417F-B545-BE1C45675524}.Release|Any CPU.ActiveCfg = Release|Any CPU
		{76B860CF-B72C-417F-B545-BE1C45675524}.Release|Any CPU.Build.0 = Release|Any CPU
		{2DBEE22A-D274-4274-9D35-5FA61FB0D31E}.Debug|Any CPU.ActiveCfg = Debug|Any CPU
		{2DBEE22A-D274-4274-9D35-5FA61FB0D31E}.Debug|Any CPU.Build.0 = Debug|Any CPU
		{2DBEE22A-D274-4274-9D35-5FA61FB0D31E}.Release|Any CPU.ActiveCfg = Release|Any CPU
		{2DBEE22A-D274-4274-9D35-5FA61FB0D31E}.Release|Any CPU.Build.0 = Release|Any CPU
	EndGlobalSection
	GlobalSection(SolutionProperties) = preSolution
		HideSolutionNode = FALSE
	EndGlobalSection
	GlobalSection(ExtensibilityGlobals) = postSolution
		SolutionGuid = {1E8DE3F1-4CAF-4A29-8DA2-64CFB42D1B40}
	EndGlobalSection
EndGlobal
